
Microsoft Visual Studio Solution File, Format Version 12.00
# Visual Studio Version 16
VisualStudioVersion = 16.0.29215.179
MinimumVisualStudioVersion = 10.0.40219.1
Project("{FAE04EC0-301F-11D3-BF4B-00C04F79EFBC}") = "SlickWindows", "src\SlickWindows\SlickWindows.csproj", "{6B3871A9-F246-413B-935E-9D5E337CAF1B}"
EndProject
Project("{2150E333-8FDC-42A3-9474-1A3956D46DE8}") = "_Info", "_Info", "{9B823A59-9FF5-4FBB-9523-FC50DBD02A83}"
	ProjectSection(SolutionItems) = preProject
		.gitattributes = .gitattributes
		.gitignore = .gitignore
		LICENSE = LICENSE
		README.md = README.md
	EndProjectSection
EndProject
Project("{FAE04EC0-301F-11D3-BF4B-00C04F79EFBC}") = "SlickCommon", "src\SlickCommon\SlickCommon.csproj", "{2799264C-B883-4B88-8D4D-EA0980BA3656}"
EndProject
Project("{FAE04EC0-301F-11D3-BF4B-00C04F79EFBC}") = "WinFormsApp1", "WinFormsApp1\WinFormsApp1.csproj", "{F44CF9C8-DE6F-4F89-960B-D279405CEBB7}"
EndProject
Global
	GlobalSection(SolutionConfigurationPlatforms) = preSolution
		Debug|Any CPU = Debug|Any CPU
		Debug|ARM = Debug|ARM
		Debug|ARM64 = Debug|ARM64
		Debug|x64 = Debug|x64
		Debug|x86 = Debug|x86
		Release|Any CPU = Release|Any CPU
		Release|ARM = Release|ARM
		Release|ARM64 = Release|ARM64
		Release|x64 = Release|x64
		Release|x86 = Release|x86
	EndGlobalSection
	GlobalSection(ProjectConfigurationPlatforms) = postSolution
		{6B3871A9-F246-413B-935E-9D5E337CAF1B}.Debug|Any CPU.ActiveCfg = Debug|Any CPU
		{6B3871A9-F246-413B-935E-9D5E337CAF1B}.Debug|Any CPU.Build.0 = Debug|Any CPU
		{6B3871A9-F246-413B-935E-9D5E337CAF1B}.Debug|ARM.ActiveCfg = Debug|Any CPU
		{6B3871A9-F246-413B-935E-9D5E337CAF1B}.Debug|ARM.Build.0 = Debug|Any CPU
		{6B3871A9-F246-413B-935E-9D5E337CAF1B}.Debug|ARM64.ActiveCfg = Debug|Any CPU
		{6B3871A9-F246-413B-935E-9D5E337CAF1B}.Debug|ARM64.Build.0 = Debug|Any CPU
		{6B3871A9-F246-413B-935E-9D5E337CAF1B}.Debug|x64.ActiveCfg = Debug|Any CPU
		{6B3871A9-F246-413B-935E-9D5E337CAF1B}.Debug|x64.Build.0 = Debug|Any CPU
		{6B3871A9-F246-413B-935E-9D5E337CAF1B}.Debug|x86.ActiveCfg = Debug|Any CPU
		{6B3871A9-F246-413B-935E-9D5E337CAF1B}.Debug|x86.Build.0 = Debug|Any CPU
		{6B3871A9-F246-413B-935E-9D5E337CAF1B}.Release|Any CPU.ActiveCfg = Release|Any CPU
		{6B3871A9-F246-413B-935E-9D5E337CAF1B}.Release|Any CPU.Build.0 = Release|Any CPU
		{6B3871A9-F246-413B-935E-9D5E337CAF1B}.Release|ARM.ActiveCfg = Release|Any CPU
		{6B3871A9-F246-413B-935E-9D5E337CAF1B}.Release|ARM.Build.0 = Release|Any CPU
		{6B3871A9-F246-413B-935E-9D5E337CAF1B}.Release|ARM64.ActiveCfg = Release|Any CPU
		{6B3871A9-F246-413B-935E-9D5E337CAF1B}.Release|ARM64.Build.0 = Release|Any CPU
		{6B3871A9-F246-413B-935E-9D5E337CAF1B}.Release|x64.ActiveCfg = Release|Any CPU
		{6B3871A9-F246-413B-935E-9D5E337CAF1B}.Release|x64.Build.0 = Release|Any CPU
		{6B3871A9-F246-413B-935E-9D5E337CAF1B}.Release|x86.ActiveCfg = Release|Any CPU
		{6B3871A9-F246-413B-935E-9D5E337CAF1B}.Release|x86.Build.0 = Release|Any CPU
		{2799264C-B883-4B88-8D4D-EA0980BA3656}.Debug|Any CPU.ActiveCfg = Debug|Any CPU
		{2799264C-B883-4B88-8D4D-EA0980BA3656}.Debug|Any CPU.Build.0 = Debug|Any CPU
		{2799264C-B883-4B88-8D4D-EA0980BA3656}.Debug|ARM.ActiveCfg = Debug|Any CPU
		{2799264C-B883-4B88-8D4D-EA0980BA3656}.Debug|ARM.Build.0 = Debug|Any CPU
		{2799264C-B883-4B88-8D4D-EA0980BA3656}.Debug|ARM64.ActiveCfg = Debug|Any CPU
		{2799264C-B883-4B88-8D4D-EA0980BA3656}.Debug|ARM64.Build.0 = Debug|Any CPU
		{2799264C-B883-4B88-8D4D-EA0980BA3656}.Debug|x64.ActiveCfg = Debug|Any CPU
		{2799264C-B883-4B88-8D4D-EA0980BA3656}.Debug|x64.Build.0 = Debug|Any CPU
		{2799264C-B883-4B88-8D4D-EA0980BA3656}.Debug|x86.ActiveCfg = Debug|Any CPU
		{2799264C-B883-4B88-8D4D-EA0980BA3656}.Debug|x86.Build.0 = Debug|Any CPU
		{2799264C-B883-4B88-8D4D-EA0980BA3656}.Release|Any CPU.ActiveCfg = Release|Any CPU
		{2799264C-B883-4B88-8D4D-EA0980BA3656}.Release|Any CPU.Build.0 = Release|Any CPU
		{2799264C-B883-4B88-8D4D-EA0980BA3656}.Release|ARM.ActiveCfg = Release|Any CPU
		{2799264C-B883-4B88-8D4D-EA0980BA3656}.Release|ARM.Build.0 = Release|Any CPU
		{2799264C-B883-4B88-8D4D-EA0980BA3656}.Release|ARM64.ActiveCfg = Release|Any CPU
		{2799264C-B883-4B88-8D4D-EA0980BA3656}.Release|ARM64.Build.0 = Release|Any CPU
		{2799264C-B883-4B88-8D4D-EA0980BA3656}.Release|x64.ActiveCfg = Release|Any CPU
		{2799264C-B883-4B88-8D4D-EA0980BA3656}.Release|x64.Build.0 = Release|Any CPU
		{2799264C-B883-4B88-8D4D-EA0980BA3656}.Release|x86.ActiveCfg = Release|Any CPU
		{2799264C-B883-4B88-8D4D-EA0980BA3656}.Release|x86.Build.0 = Release|Any CPU
		{F44CF9C8-DE6F-4F89-960B-D279405CEBB7}.Debug|Any CPU.ActiveCfg = Debug|Any CPU
		{F44CF9C8-DE6F-4F89-960B-D279405CEBB7}.Debug|Any CPU.Build.0 = Debug|Any CPU
		{F44CF9C8-DE6F-4F89-960B-D279405CEBB7}.Debug|ARM.ActiveCfg = Debug|Any CPU
		{F44CF9C8-DE6F-4F89-960B-D279405CEBB7}.Debug|ARM.Build.0 = Debug|Any CPU
		{F44CF9C8-DE6F-4F89-960B-D279405CEBB7}.Debug|ARM64.ActiveCfg = Debug|Any CPU
		{F44CF9C8-DE6F-4F89-960B-D279405CEBB7}.Debug|ARM64.Build.0 = Debug|Any CPU
		{F44CF9C8-DE6F-4F89-960B-D279405CEBB7}.Debug|x64.ActiveCfg = Debug|Any CPU
		{F44CF9C8-DE6F-4F89-960B-D279405CEBB7}.Debug|x64.Build.0 = Debug|Any CPU
		{F44CF9C8-DE6F-4F89-960B-D279405CEBB7}.Debug|x86.ActiveCfg = Debug|Any CPU
		{F44CF9C8-DE6F-4F89-960B-D279405CEBB7}.Debug|x86.Build.0 = Debug|Any CPU
		{F44CF9C8-DE6F-4F89-960B-D279405CEBB7}.Release|Any CPU.ActiveCfg = Release|Any CPU
		{F44CF9C8-DE6F-4F89-960B-D279405CEBB7}.Release|Any CPU.Build.0 = Release|Any CPU
		{F44CF9C8-DE6F-4F89-960B-D279405CEBB7}.Release|ARM.ActiveCfg = Release|Any CPU
		{F44CF9C8-DE6F-4F89-960B-D279405CEBB7}.Release|ARM.Build.0 = Release|Any CPU
		{F44CF9C8-DE6F-4F89-960B-D279405CEBB7}.Release|ARM64.ActiveCfg = Release|Any CPU
		{F44CF9C8-DE6F-4F89-960B-D279405CEBB7}.Release|ARM64.Build.0 = Release|Any CPU
		{F44CF9C8-DE6F-4F89-960B-D279405CEBB7}.Release|x64.ActiveCfg = Release|Any CPU
		{F44CF9C8-DE6F-4F89-960B-D279405CEBB7}.Release|x64.Build.0 = Release|Any CPU
		{F44CF9C8-DE6F-4F89-960B-D279405CEBB7}.Release|x86.ActiveCfg = Release|Any CPU
		{F44CF9C8-DE6F-4F89-960B-D279405CEBB7}.Release|x86.Build.0 = Release|Any CPU
	EndGlobalSection
	GlobalSection(SolutionProperties) = preSolution
		HideSolutionNode = FALSE
	EndGlobalSection
	GlobalSection(ExtensibilityGlobals) = postSolution
		SolutionGuid = {C1C76B0B-98AD-497A-AC04-BD2D9F8B00D7}
	EndGlobalSection
EndGlobal
